
Microsoft Visual Studio Solution File, Format Version 12.00
# Visual Studio Version 17
VisualStudioVersion = 17.14.36414.22 d17.14
MinimumVisualStudioVersion = 10.0.40219.1
Project("{FAE04EC0-301F-11D3-BF4B-00C04F79EFBC}") = "new-project", "new-project.csproj", "{B383FF8E-B5F9-4ADA-9E96-C3D46999C9BA}"
EndProject
Global
	GlobalSection(SolutionConfigurationPlatforms) = preSolution
		Debug|Any CPU = Debug|Any CPU
		Release|Any CPU = Release|Any CPU
	EndGlobalSection
	GlobalSection(ProjectConfigurationPlatforms) = postSolution
		{B383FF8E-B5F9-4ADA-9E96-C3D46999C9BA}.Debug|Any CPU.ActiveCfg = Debug|Any CPU
		{B383FF8E-B5F9-4ADA-9E96-C3D46999C9BA}.Debug|Any CPU.Build.0 = Debug|Any CPU
		{B383FF8E-B5F9-4ADA-9E96-C3D46999C9BA}.Release|Any CPU.ActiveCfg = Release|Any CPU
		{B383FF8E-B5F9-4ADA-9E96-C3D46999C9BA}.Release|Any CPU.Build.0 = Release|Any CPU
	EndGlobalSection
	GlobalSection(SolutionProperties) = preSolution
		HideSolutionNode = FALSE
	EndGlobalSection
	GlobalSection(ExtensibilityGlobals) = postSolution
		SolutionGuid = {29E085CF-5A6D-455B-82D9-3A6ECF4AD505}
	EndGlobalSection
EndGlobal
